
Microsoft Visual Studio Solution File, Format Version 12.00
# Visual Studio Version 16
VisualStudioVersion = 16.0.29306.81
MinimumVisualStudioVersion = 10.0.40219.1
Project("{FAE04EC0-301F-11D3-BF4B-00C04F79EFBC}") = "8-Puzzle", "8-Puzzle\8-Puzzle.csproj", "{6914BB95-BDA1-4109-8F8C-AA546DD9AF54}"
EndProject
Global
	GlobalSection(SolutionConfigurationPlatforms) = preSolution
		Debug|Any CPU = Debug|Any CPU
		Release|Any CPU = Release|Any CPU
	EndGlobalSection
	GlobalSection(ProjectConfigurationPlatforms) = postSolution
		{6914BB95-BDA1-4109-8F8C-AA546DD9AF54}.Debug|Any CPU.ActiveCfg = Debug|Any CPU
		{6914BB95-BDA1-4109-8F8C-AA546DD9AF54}.Debug|Any CPU.Build.0 = Debug|Any CPU
		{6914BB95-BDA1-4109-8F8C-AA546DD9AF54}.Release|Any CPU.ActiveCfg = Release|Any CPU
		{6914BB95-BDA1-4109-8F8C-AA546DD9AF54}.Release|Any CPU.Build.0 = Release|Any CPU
	EndGlobalSection
	GlobalSection(SolutionProperties) = preSolution
		HideSolutionNode = FALSE
	EndGlobalSection
	GlobalSection(ExtensibilityGlobals) = postSolution
		SolutionGuid = {9DCBDF14-9B7B-47B9-A6EC-97F83DB90C87}
	EndGlobalSection
EndGlobal
